
Microsoft Visual Studio Solution File, Format Version 12.00
# Visual Studio 15
VisualStudioVersion = 15.0.28307.168
MinimumVisualStudioVersion = 10.0.40219.1
Project("{FAE04EC0-301F-11D3-BF4B-00C04F79EFBC}") = "Brevis", "Brevis\Brevis.csproj", "{7ACD736D-0573-430A-9651-4F10828E085B}"
EndProject
Project("{FAE04EC0-301F-11D3-BF4B-00C04F79EFBC}") = "BrevisTests", "BrevisTests\BrevisTests.csproj", "{3ED51C4E-4A19-4902-8437-1353BAA4C94B}"
EndProject
Global
	GlobalSection(SolutionConfigurationPlatforms) = preSolution
		Debug|Any CPU = Debug|Any CPU
		Release|Any CPU = Release|Any CPU
	EndGlobalSection
	GlobalSection(ProjectConfigurationPlatforms) = postSolution
		{7ACD736D-0573-430A-9651-4F10828E085B}.Debug|Any CPU.ActiveCfg = Debug|Any CPU
		{7ACD736D-0573-430A-9651-4F10828E085B}.Debug|Any CPU.Build.0 = Debug|Any CPU
		{7ACD736D-0573-430A-9651-4F10828E085B}.Release|Any CPU.ActiveCfg = Release|Any CPU
		{7ACD736D-0573-430A-9651-4F10828E085B}.Release|Any CPU.Build.0 = Release|Any CPU
		{3ED51C4E-4A19-4902-8437-1353BAA4C94B}.Debug|Any CPU.ActiveCfg = Debug|Any CPU
		{3ED51C4E-4A19-4902-8437-1353BAA4C94B}.Debug|Any CPU.Build.0 = Debug|Any CPU
		{3ED51C4E-4A19-4902-8437-1353BAA4C94B}.Release|Any CPU.ActiveCfg = Release|Any CPU
		{3ED51C4E-4A19-4902-8437-1353BAA4C94B}.Release|Any CPU.Build.0 = Release|Any CPU
	EndGlobalSection
	GlobalSection(SolutionProperties) = preSolution
		HideSolutionNode = FALSE
	EndGlobalSection
	GlobalSection(ExtensibilityGlobals) = postSolution
		SolutionGuid = {6FA859BB-07C8-4C65-889C-473A67E9431F}
	EndGlobalSection
EndGlobal
